// !$*UTF8*$!
{
	archiveVersion = 1;
	classes = {
	};
	objectVersion = 48;
	objects = {

/* Begin PBXBuildFile section */
		031F67F920447497005A339E /* AppDelegate.swift in Sources */ = {isa = PBXBuildFile; fileRef = 031F67F820447497005A339E /* AppDelegate.swift */; };
		031F67FE20447497005A339E /* Main.storyboard in Resources */ = {isa = PBXBuildFile; fileRef = 031F67FC20447497005A339E /* Main.storyboard */; };
		031F680020447497005A339E /* Assets.xcassets in Resources */ = {isa = PBXBuildFile; fileRef = 031F67FF20447497005A339E /* Assets.xcassets */; };
		031F680320447497005A339E /* LaunchScreen.storyboard in Resources */ = {isa = PBXBuildFile; fileRef = 031F680120447497005A339E /* LaunchScreen.storyboard */; };
		031F680E20447497005A339E /* TMDbTests.swift in Sources */ = {isa = PBXBuildFile; fileRef = 031F680D20447497005A339E /* TMDbTests.swift */; };
		03864836204476060019B24A /* TMDbKit.framework in Frameworks */ = {isa = PBXBuildFile; fileRef = 0386482D204476060019B24A /* TMDbKit.framework */; };
		0386483D204476060019B24A /* ResourceTests.swift in Sources */ = {isa = PBXBuildFile; fileRef = 0386483C204476060019B24A /* ResourceTests.swift */; };
		0386483F204476060019B24A /* TMDbKit.h in Headers */ = {isa = PBXBuildFile; fileRef = 0386482F204476060019B24A /* TMDbKit.h */; settings = {ATTRIBUTES = (Public, ); }; };
		03864842204476060019B24A /* TMDbKit.framework in Frameworks */ = {isa = PBXBuildFile; fileRef = 0386482D204476060019B24A /* TMDbKit.framework */; };
		03864843204476060019B24A /* TMDbKit.framework in Embed Frameworks */ = {isa = PBXBuildFile; fileRef = 0386482D204476060019B24A /* TMDbKit.framework */; settings = {ATTRIBUTES = (CodeSignOnCopy, RemoveHeadersOnCopy, ); }; };
		03AD2EBE2045941F0060DABF /* Localizable.strings in Resources */ = {isa = PBXBuildFile; fileRef = 03AD2EBD2045941F0060DABF /* Localizable.strings */; };
		03AD2EC02045951B0060DABF /* Extensions.swift in Sources */ = {isa = PBXBuildFile; fileRef = 03AD2EBF2045951B0060DABF /* Extensions.swift */; };
		03AD2EC92045A9C00060DABF /* SearchDataSource.swift in Sources */ = {isa = PBXBuildFile; fileRef = 03AD2EC62045A9C00060DABF /* SearchDataSource.swift */; };
		03AD2ECA2045A9C00060DABF /* SearchTableDisplaySupport.swift in Sources */ = {isa = PBXBuildFile; fileRef = 03AD2EC72045A9C00060DABF /* SearchTableDisplaySupport.swift */; };
		03AD2ECB2045A9C00060DABF /* SearchViewController.swift in Sources */ = {isa = PBXBuildFile; fileRef = 03AD2EC82045A9C00060DABF /* SearchViewController.swift */; };
		03CB67AA204479D800BAF40F /* Resource.swift in Sources */ = {isa = PBXBuildFile; fileRef = 03CB67A9204479D800BAF40F /* Resource.swift */; };
		03CB67B420448AD400BAF40F /* Result.swift in Sources */ = {isa = PBXBuildFile; fileRef = 03CB67B320448AD400BAF40F /* Result.swift */; };
		03CB67B820448BD100BAF40F /* ClientError.swift in Sources */ = {isa = PBXBuildFile; fileRef = 03CB67B720448BD100BAF40F /* ClientError.swift */; };
		03DA2707204495F50067350D /* 2DtPSyODKWXluIRV7PVru0SSzja.jpg in Resources */ = {isa = PBXBuildFile; fileRef = 03DA2706204495F50067350D /* 2DtPSyODKWXluIRV7PVru0SSzja.jpg */; };
		03DA270F20449AAF0067350D /* ImageParser.swift in Sources */ = {isa = PBXBuildFile; fileRef = 03DA270D20449AAF0067350D /* ImageParser.swift */; };
		03DA271020449AAF0067350D /* JSONParser.swift in Sources */ = {isa = PBXBuildFile; fileRef = 03DA270E20449AAF0067350D /* JSONParser.swift */; };
		03DA271420449AD90067350D /* ImageParserTests.swift in Sources */ = {isa = PBXBuildFile; fileRef = 03DA271220449AD90067350D /* ImageParserTests.swift */; };
		03DA271520449AD90067350D /* JSONParserTests.swift in Sources */ = {isa = PBXBuildFile; fileRef = 03DA271320449AD90067350D /* JSONParserTests.swift */; };
		03DA271820449B6B0067350D /* Page.swift in Sources */ = {isa = PBXBuildFile; fileRef = 03DA271720449B6B0067350D /* Page.swift */; };
		03DA271A20449C3F0067350D /* search_results.json in Resources */ = {isa = PBXBuildFile; fileRef = 03DA271920449C3F0067350D /* search_results.json */; };
		03DA271C20449D820067350D /* Movie.swift in Sources */ = {isa = PBXBuildFile; fileRef = 03DA271B20449D820067350D /* Movie.swift */; };
		03DA271E2044A4610067350D /* Client.swift in Sources */ = {isa = PBXBuildFile; fileRef = 03DA271D2044A4600067350D /* Client.swift */; };
		03DA27202044A47D0067350D /* ClientTests.swift in Sources */ = {isa = PBXBuildFile; fileRef = 03DA271F2044A47D0067350D /* ClientTests.swift */; };
		03DA27232044A87D0067350D /* URLSessionMock.swift in Sources */ = {isa = PBXBuildFile; fileRef = 03DA27222044A87D0067350D /* URLSessionMock.swift */; };
		03DA27252044A8D80067350D /* URLSessionDataTaskMock.swift in Sources */ = {isa = PBXBuildFile; fileRef = 03DA27242044A8D80067350D /* URLSessionDataTaskMock.swift */; };
		99E65886F75D2DDE82AD4AD1 /* Pods_TMDb.framework in Frameworks */ = {isa = PBXBuildFile; fileRef = D9D97CDC6D829CAB32C54549 /* Pods_TMDb.framework */; };
		9CC8E9F6FF28DE8D320727CF /* Pods_TMDbKitTests.framework in Frameworks */ = {isa = PBXBuildFile; fileRef = B8F4D409812DC1D9268A3D06 /* Pods_TMDbKitTests.framework */; };
		EE9410FE5C4ECD6486E4CCA8 /* Pods_TMDbTests.framework in Frameworks */ = {isa = PBXBuildFile; fileRef = BE203667CBBB3134B2458A54 /* Pods_TMDbTests.framework */; };
/* End PBXBuildFile section */

/* Begin PBXContainerItemProxy section */
		031F680A20447497005A339E /* PBXContainerItemProxy */ = {
			isa = PBXContainerItemProxy;
			containerPortal = 031F67ED20447497005A339E /* Project object */;
			proxyType = 1;
			remoteGlobalIDString = 031F67F420447497005A339E;
			remoteInfo = TMDb;
		};
		03864837204476060019B24A /* PBXContainerItemProxy */ = {
			isa = PBXContainerItemProxy;
			containerPortal = 031F67ED20447497005A339E /* Project object */;
			proxyType = 1;
			remoteGlobalIDString = 0386482C204476060019B24A;
			remoteInfo = TMDbKit;
		};
		03864839204476060019B24A /* PBXContainerItemProxy */ = {
			isa = PBXContainerItemProxy;
			containerPortal = 031F67ED20447497005A339E /* Project object */;
			proxyType = 1;
			remoteGlobalIDString = 031F67F420447497005A339E;
			remoteInfo = TMDb;
		};
		03864840204476060019B24A /* PBXContainerItemProxy */ = {
			isa = PBXContainerItemProxy;
			containerPortal = 031F67ED20447497005A339E /* Project object */;
			proxyType = 1;
			remoteGlobalIDString = 0386482C204476060019B24A;
			remoteInfo = TMDbKit;
		};
/* End PBXContainerItemProxy section */

/* Begin PBXCopyFilesBuildPhase section */
		03864849204476060019B24A /* Embed Frameworks */ = {
			isa = PBXCopyFilesBuildPhase;
			buildActionMask = 2147483647;
			dstPath = "";
			dstSubfolderSpec = 10;
			files = (
				03864843204476060019B24A /* TMDbKit.framework in Embed Frameworks */,
			);
			name = "Embed Frameworks";
			runOnlyForDeploymentPostprocessing = 0;
		};
/* End PBXCopyFilesBuildPhase section */

/* Begin PBXFileReference section */
		031F67F520447497005A339E /* TMDb.app */ = {isa = PBXFileReference; explicitFileType = wrapper.application; includeInIndex = 0; path = TMDb.app; sourceTree = BUILT_PRODUCTS_DIR; };
		031F67F820447497005A339E /* AppDelegate.swift */ = {isa = PBXFileReference; lastKnownFileType = sourcecode.swift; path = AppDelegate.swift; sourceTree = "<group>"; };
		031F67FD20447497005A339E /* Base */ = {isa = PBXFileReference; lastKnownFileType = file.storyboard; name = Base; path = Base.lproj/Main.storyboard; sourceTree = "<group>"; };
		031F67FF20447497005A339E /* Assets.xcassets */ = {isa = PBXFileReference; lastKnownFileType = folder.assetcatalog; path = Assets.xcassets; sourceTree = "<group>"; };
		031F680220447497005A339E /* Base */ = {isa = PBXFileReference; lastKnownFileType = file.storyboard; name = Base; path = Base.lproj/LaunchScreen.storyboard; sourceTree = "<group>"; };
		031F680420447497005A339E /* Info.plist */ = {isa = PBXFileReference; lastKnownFileType = text.plist.xml; path = Info.plist; sourceTree = "<group>"; };
		031F680920447497005A339E /* TMDbTests.xctest */ = {isa = PBXFileReference; explicitFileType = wrapper.cfbundle; includeInIndex = 0; path = TMDbTests.xctest; sourceTree = BUILT_PRODUCTS_DIR; };
		031F680D20447497005A339E /* TMDbTests.swift */ = {isa = PBXFileReference; lastKnownFileType = sourcecode.swift; path = TMDbTests.swift; sourceTree = "<group>"; };
		031F680F20447497005A339E /* Info.plist */ = {isa = PBXFileReference; lastKnownFileType = text.plist.xml; path = Info.plist; sourceTree = "<group>"; };
		0386482D204476060019B24A /* TMDbKit.framework */ = {isa = PBXFileReference; explicitFileType = wrapper.framework; includeInIndex = 0; path = TMDbKit.framework; sourceTree = BUILT_PRODUCTS_DIR; };
		0386482F204476060019B24A /* TMDbKit.h */ = {isa = PBXFileReference; lastKnownFileType = sourcecode.c.h; path = TMDbKit.h; sourceTree = "<group>"; };
		03864830204476060019B24A /* Info.plist */ = {isa = PBXFileReference; lastKnownFileType = text.plist.xml; path = Info.plist; sourceTree = "<group>"; };
		03864835204476060019B24A /* TMDbKitTests.xctest */ = {isa = PBXFileReference; explicitFileType = wrapper.cfbundle; includeInIndex = 0; path = TMDbKitTests.xctest; sourceTree = BUILT_PRODUCTS_DIR; };
		0386483C204476060019B24A /* ResourceTests.swift */ = {isa = PBXFileReference; lastKnownFileType = sourcecode.swift; path = ResourceTests.swift; sourceTree = "<group>"; };
		0386483E204476060019B24A /* Info.plist */ = {isa = PBXFileReference; lastKnownFileType = text.plist.xml; path = Info.plist; sourceTree = "<group>"; };
		03AD2EBD2045941F0060DABF /* Localizable.strings */ = {isa = PBXFileReference; lastKnownFileType = text.plist.strings; path = Localizable.strings; sourceTree = "<group>"; };
		03AD2EBF2045951B0060DABF /* Extensions.swift */ = {isa = PBXFileReference; lastKnownFileType = sourcecode.swift; path = Extensions.swift; sourceTree = "<group>"; };
		03AD2EC62045A9C00060DABF /* SearchDataSource.swift */ = {isa = PBXFileReference; fileEncoding = 4; lastKnownFileType = sourcecode.swift; path = SearchDataSource.swift; sourceTree = "<group>"; };
		03AD2EC72045A9C00060DABF /* SearchTableDisplaySupport.swift */ = {isa = PBXFileReference; fileEncoding = 4; lastKnownFileType = sourcecode.swift; path = SearchTableDisplaySupport.swift; sourceTree = "<group>"; };
		03AD2EC82045A9C00060DABF /* SearchViewController.swift */ = {isa = PBXFileReference; fileEncoding = 4; lastKnownFileType = sourcecode.swift; path = SearchViewController.swift; sourceTree = "<group>"; };
		03CB67A9204479D800BAF40F /* Resource.swift */ = {isa = PBXFileReference; lastKnownFileType = sourcecode.swift; path = Resource.swift; sourceTree = "<group>"; };
		03CB67B320448AD400BAF40F /* Result.swift */ = {isa = PBXFileReference; lastKnownFileType = sourcecode.swift; path = Result.swift; sourceTree = "<group>"; };
		03CB67B720448BD100BAF40F /* ClientError.swift */ = {isa = PBXFileReference; lastKnownFileType = sourcecode.swift; path = ClientError.swift; sourceTree = "<group>"; };
		03DA2706204495F50067350D /* 2DtPSyODKWXluIRV7PVru0SSzja.jpg */ = {isa = PBXFileReference; lastKnownFileType = image.jpeg; path = 2DtPSyODKWXluIRV7PVru0SSzja.jpg; sourceTree = "<group>"; };
		03DA270D20449AAF0067350D /* ImageParser.swift */ = {isa = PBXFileReference; fileEncoding = 4; lastKnownFileType = sourcecode.swift; path = ImageParser.swift; sourceTree = "<group>"; };
		03DA270E20449AAF0067350D /* JSONParser.swift */ = {isa = PBXFileReference; fileEncoding = 4; lastKnownFileType = sourcecode.swift; path = JSONParser.swift; sourceTree = "<group>"; };
		03DA271220449AD90067350D /* ImageParserTests.swift */ = {isa = PBXFileReference; fileEncoding = 4; lastKnownFileType = sourcecode.swift; path = ImageParserTests.swift; sourceTree = "<group>"; };
		03DA271320449AD90067350D /* JSONParserTests.swift */ = {isa = PBXFileReference; fileEncoding = 4; lastKnownFileType = sourcecode.swift; path = JSONParserTests.swift; sourceTree = "<group>"; };
		03DA271720449B6B0067350D /* Page.swift */ = {isa = PBXFileReference; lastKnownFileType = sourcecode.swift; path = Page.swift; sourceTree = "<group>"; };
		03DA271920449C3F0067350D /* search_results.json */ = {isa = PBXFileReference; fileEncoding = 4; lastKnownFileType = text.json; path = search_results.json; sourceTree = "<group>"; };
		03DA271B20449D820067350D /* Movie.swift */ = {isa = PBXFileReference; lastKnownFileType = sourcecode.swift; path = Movie.swift; sourceTree = "<group>"; };
		03DA271D2044A4600067350D /* Client.swift */ = {isa = PBXFileReference; fileEncoding = 4; lastKnownFileType = sourcecode.swift; path = Client.swift; sourceTree = "<group>"; };
		03DA271F2044A47D0067350D /* ClientTests.swift */ = {isa = PBXFileReference; fileEncoding = 4; lastKnownFileType = sourcecode.swift; path = ClientTests.swift; sourceTree = "<group>"; };
		03DA27222044A87D0067350D /* URLSessionMock.swift */ = {isa = PBXFileReference; lastKnownFileType = sourcecode.swift; path = URLSessionMock.swift; sourceTree = "<group>"; };
		03DA27242044A8D80067350D /* URLSessionDataTaskMock.swift */ = {isa = PBXFileReference; lastKnownFileType = sourcecode.swift; path = URLSessionDataTaskMock.swift; sourceTree = "<group>"; };
		1460D15CA33AC74CED7DCD86 /* Pods-TMDbTests.debug.xcconfig */ = {isa = PBXFileReference; includeInIndex = 1; lastKnownFileType = text.xcconfig; name = "Pods-TMDbTests.debug.xcconfig"; path = "Pods/Target Support Files/Pods-TMDbTests/Pods-TMDbTests.debug.xcconfig"; sourceTree = "<group>"; };
		15D2D29462A3FC9EDD4843DD /* Pods-TMDbTests.release.xcconfig */ = {isa = PBXFileReference; includeInIndex = 1; lastKnownFileType = text.xcconfig; name = "Pods-TMDbTests.release.xcconfig"; path = "Pods/Target Support Files/Pods-TMDbTests/Pods-TMDbTests.release.xcconfig"; sourceTree = "<group>"; };
		916E6C6CF185476BA8F40956 /* Pods-TMDb.release.xcconfig */ = {isa = PBXFileReference; includeInIndex = 1; lastKnownFileType = text.xcconfig; name = "Pods-TMDb.release.xcconfig"; path = "Pods/Target Support Files/Pods-TMDb/Pods-TMDb.release.xcconfig"; sourceTree = "<group>"; };
		B8F4D409812DC1D9268A3D06 /* Pods_TMDbKitTests.framework */ = {isa = PBXFileReference; explicitFileType = wrapper.framework; includeInIndex = 0; path = Pods_TMDbKitTests.framework; sourceTree = BUILT_PRODUCTS_DIR; };
		BDDE5AAD5A348ABB5B2971E0 /* Pods-TMDbKitTests.release.xcconfig */ = {isa = PBXFileReference; includeInIndex = 1; lastKnownFileType = text.xcconfig; name = "Pods-TMDbKitTests.release.xcconfig"; path = "Pods/Target Support Files/Pods-TMDbKitTests/Pods-TMDbKitTests.release.xcconfig"; sourceTree = "<group>"; };
		BE203667CBBB3134B2458A54 /* Pods_TMDbTests.framework */ = {isa = PBXFileReference; explicitFileType = wrapper.framework; includeInIndex = 0; path = Pods_TMDbTests.framework; sourceTree = BUILT_PRODUCTS_DIR; };
		CE30BD4B9223772496C9A95B /* Pods-TMDb.debug.xcconfig */ = {isa = PBXFileReference; includeInIndex = 1; lastKnownFileType = text.xcconfig; name = "Pods-TMDb.debug.xcconfig"; path = "Pods/Target Support Files/Pods-TMDb/Pods-TMDb.debug.xcconfig"; sourceTree = "<group>"; };
		D643094CEE0290F5BDE3B435 /* Pods-TMDbKitTests.debug.xcconfig */ = {isa = PBXFileReference; includeInIndex = 1; lastKnownFileType = text.xcconfig; name = "Pods-TMDbKitTests.debug.xcconfig"; path = "Pods/Target Support Files/Pods-TMDbKitTests/Pods-TMDbKitTests.debug.xcconfig"; sourceTree = "<group>"; };
		D9D97CDC6D829CAB32C54549 /* Pods_TMDb.framework */ = {isa = PBXFileReference; explicitFileType = wrapper.framework; includeInIndex = 0; path = Pods_TMDb.framework; sourceTree = BUILT_PRODUCTS_DIR; };
/* End PBXFileReference section */

/* Begin PBXFrameworksBuildPhase section */
		031F67F220447497005A339E /* Frameworks */ = {
			isa = PBXFrameworksBuildPhase;
			buildActionMask = 2147483647;
			files = (
				03864842204476060019B24A /* TMDbKit.framework in Frameworks */,
				99E65886F75D2DDE82AD4AD1 /* Pods_TMDb.framework in Frameworks */,
			);
			runOnlyForDeploymentPostprocessing = 0;
		};
		031F680620447497005A339E /* Frameworks */ = {
			isa = PBXFrameworksBuildPhase;
			buildActionMask = 2147483647;
			files = (
				EE9410FE5C4ECD6486E4CCA8 /* Pods_TMDbTests.framework in Frameworks */,
			);
			runOnlyForDeploymentPostprocessing = 0;
		};
		03864829204476060019B24A /* Frameworks */ = {
			isa = PBXFrameworksBuildPhase;
			buildActionMask = 2147483647;
			files = (
			);
			runOnlyForDeploymentPostprocessing = 0;
		};
		03864832204476060019B24A /* Frameworks */ = {
			isa = PBXFrameworksBuildPhase;
			buildActionMask = 2147483647;
			files = (
				03864836204476060019B24A /* TMDbKit.framework in Frameworks */,
				9CC8E9F6FF28DE8D320727CF /* Pods_TMDbKitTests.framework in Frameworks */,
			);
			runOnlyForDeploymentPostprocessing = 0;
		};
/* End PBXFrameworksBuildPhase section */

/* Begin PBXGroup section */
		031F67EC20447497005A339E = {
			isa = PBXGroup;
			children = (
				031F67F720447497005A339E /* TMDb */,
				031F680C20447497005A339E /* TMDbTests */,
				0386482E204476060019B24A /* TMDbKit */,
				0386483B204476060019B24A /* TMDbKitTests */,
				031F67F620447497005A339E /* Products */,
				5904FF4A7F653D6192F46B1B /* Pods */,
				9D0CD4E3A32645F2999D4C7E /* Frameworks */,
			);
			sourceTree = "<group>";
		};
		031F67F620447497005A339E /* Products */ = {
			isa = PBXGroup;
			children = (
				031F67F520447497005A339E /* TMDb.app */,
				031F680920447497005A339E /* TMDbTests.xctest */,
				0386482D204476060019B24A /* TMDbKit.framework */,
				03864835204476060019B24A /* TMDbKitTests.xctest */,
			);
			name = Products;
			sourceTree = "<group>";
		};
		031F67F720447497005A339E /* TMDb */ = {
			isa = PBXGroup;
			children = (
				031F67F820447497005A339E /* AppDelegate.swift */,
				03AD2EC52045A9C00060DABF /* Search */,
				03AD2EBF2045951B0060DABF /* Extensions.swift */,
				031F67FC20447497005A339E /* Main.storyboard */,
				031F67FF20447497005A339E /* Assets.xcassets */,
				031F680120447497005A339E /* LaunchScreen.storyboard */,
				031F680420447497005A339E /* Info.plist */,
				03AD2EBD2045941F0060DABF /* Localizable.strings */,
			);
			path = TMDb;
			sourceTree = "<group>";
		};
		031F680C20447497005A339E /* TMDbTests */ = {
			isa = PBXGroup;
			children = (
				031F680D20447497005A339E /* TMDbTests.swift */,
				031F680F20447497005A339E /* Info.plist */,
			);
			path = TMDbTests;
			sourceTree = "<group>";
		};
		0386482E204476060019B24A /* TMDbKit */ = {
			isa = PBXGroup;
			children = (
				03DA271D2044A4600067350D /* Client.swift */,
				03CB67B720448BD100BAF40F /* ClientError.swift */,
				03864830204476060019B24A /* Info.plist */,
				03DA271620449B200067350D /* Models */,
				03DA270C20449AAF0067350D /* Parsers */,
				03CB67A9204479D800BAF40F /* Resource.swift */,
				03CB67B320448AD400BAF40F /* Result.swift */,
				0386482F204476060019B24A /* TMDbKit.h */,
			);
			path = TMDbKit;
			sourceTree = "<group>";
		};
		0386483B204476060019B24A /* TMDbKitTests */ = {
			isa = PBXGroup;
			children = (
				03DA271F2044A47D0067350D /* ClientTests.swift */,
				03DA2705204495F50067350D /* Fixtures */,
				0386483E204476060019B24A /* Info.plist */,
				03DA27212044A8600067350D /* Mocks */,
				03DA271120449AD90067350D /* Parsers */,
				0386483C204476060019B24A /* ResourceTests.swift */,
			);
			path = TMDbKitTests;
			sourceTree = "<group>";
		};
		03AD2EC52045A9C00060DABF /* Search */ = {
			isa = PBXGroup;
			children = (
				03AD2EC62045A9C00060DABF /* SearchDataSource.swift */,
				03AD2EC72045A9C00060DABF /* SearchTableDisplaySupport.swift */,
				03AD2EC82045A9C00060DABF /* SearchViewController.swift */,
			);
			path = Search;
			sourceTree = "<group>";
		};
		03DA2705204495F50067350D /* Fixtures */ = {
			isa = PBXGroup;
			children = (
				03DA271920449C3F0067350D /* search_results.json */,
				03DA2706204495F50067350D /* 2DtPSyODKWXluIRV7PVru0SSzja.jpg */,
			);
			path = Fixtures;
			sourceTree = "<group>";
		};
		03DA270C20449AAF0067350D /* Parsers */ = {
			isa = PBXGroup;
			children = (
				03DA270D20449AAF0067350D /* ImageParser.swift */,
				03DA270E20449AAF0067350D /* JSONParser.swift */,
			);
			path = Parsers;
			sourceTree = "<group>";
		};
		03DA271120449AD90067350D /* Parsers */ = {
			isa = PBXGroup;
			children = (
				03DA271220449AD90067350D /* ImageParserTests.swift */,
				03DA271320449AD90067350D /* JSONParserTests.swift */,
			);
			path = Parsers;
			sourceTree = "<group>";
		};
		03DA271620449B200067350D /* Models */ = {
			isa = PBXGroup;
			children = (
				03DA271720449B6B0067350D /* Page.swift */,
				03DA271B20449D820067350D /* Movie.swift */,
			);
			path = Models;
			sourceTree = "<group>";
		};
		03DA27212044A8600067350D /* Mocks */ = {
			isa = PBXGroup;
			children = (
				03DA27222044A87D0067350D /* URLSessionMock.swift */,
				03DA27242044A8D80067350D /* URLSessionDataTaskMock.swift */,
			);
			path = Mocks;
			sourceTree = "<group>";
		};
		5904FF4A7F653D6192F46B1B /* Pods */ = {
			isa = PBXGroup;
			children = (
				CE30BD4B9223772496C9A95B /* Pods-TMDb.debug.xcconfig */,
				916E6C6CF185476BA8F40956 /* Pods-TMDb.release.xcconfig */,
				1460D15CA33AC74CED7DCD86 /* Pods-TMDbTests.debug.xcconfig */,
				15D2D29462A3FC9EDD4843DD /* Pods-TMDbTests.release.xcconfig */,
				D643094CEE0290F5BDE3B435 /* Pods-TMDbKitTests.debug.xcconfig */,
				BDDE5AAD5A348ABB5B2971E0 /* Pods-TMDbKitTests.release.xcconfig */,
			);
			name = Pods;
			sourceTree = "<group>";
		};
		9D0CD4E3A32645F2999D4C7E /* Frameworks */ = {
			isa = PBXGroup;
			children = (
				D9D97CDC6D829CAB32C54549 /* Pods_TMDb.framework */,
				BE203667CBBB3134B2458A54 /* Pods_TMDbTests.framework */,
				B8F4D409812DC1D9268A3D06 /* Pods_TMDbKitTests.framework */,
			);
			name = Frameworks;
			sourceTree = "<group>";
		};
/* End PBXGroup section */

/* Begin PBXHeadersBuildPhase section */
		0386482A204476060019B24A /* Headers */ = {
			isa = PBXHeadersBuildPhase;
			buildActionMask = 2147483647;
			files = (
				0386483F204476060019B24A /* TMDbKit.h in Headers */,
			);
			runOnlyForDeploymentPostprocessing = 0;
		};
/* End PBXHeadersBuildPhase section */

/* Begin PBXNativeTarget section */
		031F67F420447497005A339E /* TMDb */ = {
			isa = PBXNativeTarget;
			buildConfigurationList = 031F681220447497005A339E /* Build configuration list for PBXNativeTarget "TMDb" */;
			buildPhases = (
				FC2253E45ACD4BEF6A274FDC /* [CP] Check Pods Manifest.lock */,
				031F67F120447497005A339E /* Sources */,
				031F67F220447497005A339E /* Frameworks */,
				031F67F320447497005A339E /* Resources */,
				617728E4DAE507B2E1DBF7C1 /* [CP] Embed Pods Frameworks */,
				1E041F8F40F15BB6DD3F8641 /* [CP] Copy Pods Resources */,
				03864849204476060019B24A /* Embed Frameworks */,
			);
			buildRules = (
			);
			dependencies = (
				03864841204476060019B24A /* PBXTargetDependency */,
			);
			name = TMDb;
			productName = TMDb;
			productReference = 031F67F520447497005A339E /* TMDb.app */;
			productType = "com.apple.product-type.application";
		};
		031F680820447497005A339E /* TMDbTests */ = {
			isa = PBXNativeTarget;
			buildConfigurationList = 031F681520447497005A339E /* Build configuration list for PBXNativeTarget "TMDbTests" */;
			buildPhases = (
				272B4F98DDD3D613E25A1CA2 /* [CP] Check Pods Manifest.lock */,
				031F680520447497005A339E /* Sources */,
				031F680620447497005A339E /* Frameworks */,
				031F680720447497005A339E /* Resources */,
				03403AF6516C40F0B6723AE4 /* [CP] Embed Pods Frameworks */,
				CB74675397EDE4B92B638DB8 /* [CP] Copy Pods Resources */,
			);
			buildRules = (
			);
			dependencies = (
				031F680B20447497005A339E /* PBXTargetDependency */,
			);
			name = TMDbTests;
			productName = TMDbTests;
			productReference = 031F680920447497005A339E /* TMDbTests.xctest */;
			productType = "com.apple.product-type.bundle.unit-test";
		};
		0386482C204476060019B24A /* TMDbKit */ = {
			isa = PBXNativeTarget;
			buildConfigurationList = 03864848204476060019B24A /* Build configuration list for PBXNativeTarget "TMDbKit" */;
			buildPhases = (
				03864828204476060019B24A /* Sources */,
				03864829204476060019B24A /* Frameworks */,
				0386482A204476060019B24A /* Headers */,
				0386482B204476060019B24A /* Resources */,
			);
			buildRules = (
			);
			dependencies = (
			);
			name = TMDbKit;
			productName = TMDbKit;
			productReference = 0386482D204476060019B24A /* TMDbKit.framework */;
			productType = "com.apple.product-type.framework";
		};
		03864834204476060019B24A /* TMDbKitTests */ = {
			isa = PBXNativeTarget;
			buildConfigurationList = 0386484A204476060019B24A /* Build configuration list for PBXNativeTarget "TMDbKitTests" */;
			buildPhases = (
				6B54D61C17D075C0B728E86B /* [CP] Check Pods Manifest.lock */,
				03864831204476060019B24A /* Sources */,
				03864832204476060019B24A /* Frameworks */,
				03864833204476060019B24A /* Resources */,
				2142B2964AA7F65EDAA51039 /* [CP] Embed Pods Frameworks */,
				D6EB388CD3A3D8A1E9AF84B5 /* [CP] Copy Pods Resources */,
			);
			buildRules = (
			);
			dependencies = (
				03864838204476060019B24A /* PBXTargetDependency */,
				0386483A204476060019B24A /* PBXTargetDependency */,
			);
			name = TMDbKitTests;
			productName = TMDbKitTests;
			productReference = 03864835204476060019B24A /* TMDbKitTests.xctest */;
			productType = "com.apple.product-type.bundle.unit-test";
		};
/* End PBXNativeTarget section */

/* Begin PBXProject section */
		031F67ED20447497005A339E /* Project object */ = {
			isa = PBXProject;
			attributes = {
				LastSwiftUpdateCheck = 0920;
				LastUpgradeCheck = 0920;
				ORGANIZATIONNAME = "Claus Höfele";
				TargetAttributes = {
					031F67F420447497005A339E = {
						CreatedOnToolsVersion = 9.2;
						ProvisioningStyle = Automatic;
					};
					031F680820447497005A339E = {
						CreatedOnToolsVersion = 9.2;
						ProvisioningStyle = Automatic;
						TestTargetID = 031F67F420447497005A339E;
					};
					0386482C204476060019B24A = {
						CreatedOnToolsVersion = 9.2;
						LastSwiftMigration = 0920;
						ProvisioningStyle = Automatic;
					};
					03864834204476060019B24A = {
						CreatedOnToolsVersion = 9.2;
						ProvisioningStyle = Automatic;
						TestTargetID = 031F67F420447497005A339E;
					};
				};
			};
			buildConfigurationList = 031F67F020447497005A339E /* Build configuration list for PBXProject "TMDb" */;
			compatibilityVersion = "Xcode 8.0";
			developmentRegion = en;
			hasScannedForEncodings = 0;
			knownRegions = (
				en,
				Base,
			);
			mainGroup = 031F67EC20447497005A339E;
			productRefGroup = 031F67F620447497005A339E /* Products */;
			projectDirPath = "";
			projectRoot = "";
			targets = (
				031F67F420447497005A339E /* TMDb */,
				031F680820447497005A339E /* TMDbTests */,
				0386482C204476060019B24A /* TMDbKit */,
				03864834204476060019B24A /* TMDbKitTests */,
			);
		};
/* End PBXProject section */

/* Begin PBXResourcesBuildPhase section */
		031F67F320447497005A339E /* Resources */ = {
			isa = PBXResourcesBuildPhase;
			buildActionMask = 2147483647;
			files = (
				031F680320447497005A339E /* LaunchScreen.storyboard in Resources */,
				03AD2EBE2045941F0060DABF /* Localizable.strings in Resources */,
				031F680020447497005A339E /* Assets.xcassets in Resources */,
				031F67FE20447497005A339E /* Main.storyboard in Resources */,
			);
			runOnlyForDeploymentPostprocessing = 0;
		};
		031F680720447497005A339E /* Resources */ = {
			isa = PBXResourcesBuildPhase;
			buildActionMask = 2147483647;
			files = (
			);
			runOnlyForDeploymentPostprocessing = 0;
		};
		0386482B204476060019B24A /* Resources */ = {
			isa = PBXResourcesBuildPhase;
			buildActionMask = 2147483647;
			files = (
			);
			runOnlyForDeploymentPostprocessing = 0;
		};
		03864833204476060019B24A /* Resources */ = {
			isa = PBXResourcesBuildPhase;
			buildActionMask = 2147483647;
			files = (
				03DA2707204495F50067350D /* 2DtPSyODKWXluIRV7PVru0SSzja.jpg in Resources */,
				03DA271A20449C3F0067350D /* search_results.json in Resources */,
			);
			runOnlyForDeploymentPostprocessing = 0;
		};
/* End PBXResourcesBuildPhase section */

/* Begin PBXShellScriptBuildPhase section */
		03403AF6516C40F0B6723AE4 /* [CP] Embed Pods Frameworks */ = {
			isa = PBXShellScriptBuildPhase;
			buildActionMask = 2147483647;
			files = (
			);
			inputPaths = (
				"${SRCROOT}/Pods/Target Support Files/Pods-TMDbTests/Pods-TMDbTests-frameworks.sh",
				"${BUILT_PRODUCTS_DIR}/Nimble/Nimble.framework",
				"${BUILT_PRODUCTS_DIR}/Quick/Quick.framework",
			);
			name = "[CP] Embed Pods Frameworks";
			outputPaths = (
				"${TARGET_BUILD_DIR}/${FRAMEWORKS_FOLDER_PATH}/Nimble.framework",
				"${TARGET_BUILD_DIR}/${FRAMEWORKS_FOLDER_PATH}/Quick.framework",
			);
			runOnlyForDeploymentPostprocessing = 0;
			shellPath = /bin/sh;
			shellScript = "\"${SRCROOT}/Pods/Target Support Files/Pods-TMDbTests/Pods-TMDbTests-frameworks.sh\"\n";
			showEnvVarsInLog = 0;
		};
		1E041F8F40F15BB6DD3F8641 /* [CP] Copy Pods Resources */ = {
			isa = PBXShellScriptBuildPhase;
			buildActionMask = 2147483647;
			files = (
			);
			inputPaths = (
			);
			name = "[CP] Copy Pods Resources";
			outputPaths = (
			);
			runOnlyForDeploymentPostprocessing = 0;
			shellPath = /bin/sh;
			shellScript = "\"${SRCROOT}/Pods/Target Support Files/Pods-TMDb/Pods-TMDb-resources.sh\"\n";
			showEnvVarsInLog = 0;
		};
		2142B2964AA7F65EDAA51039 /* [CP] Embed Pods Frameworks */ = {
			isa = PBXShellScriptBuildPhase;
			buildActionMask = 2147483647;
			files = (
			);
			inputPaths = (
				"${SRCROOT}/Pods/Target Support Files/Pods-TMDbKitTests/Pods-TMDbKitTests-frameworks.sh",
				"${BUILT_PRODUCTS_DIR}/Nimble/Nimble.framework",
				"${BUILT_PRODUCTS_DIR}/Quick/Quick.framework",
			);
			name = "[CP] Embed Pods Frameworks";
			outputPaths = (
				"${TARGET_BUILD_DIR}/${FRAMEWORKS_FOLDER_PATH}/Nimble.framework",
				"${TARGET_BUILD_DIR}/${FRAMEWORKS_FOLDER_PATH}/Quick.framework",
			);
			runOnlyForDeploymentPostprocessing = 0;
			shellPath = /bin/sh;
			shellScript = "\"${SRCROOT}/Pods/Target Support Files/Pods-TMDbKitTests/Pods-TMDbKitTests-frameworks.sh\"\n";
			showEnvVarsInLog = 0;
		};
		272B4F98DDD3D613E25A1CA2 /* [CP] Check Pods Manifest.lock */ = {
			isa = PBXShellScriptBuildPhase;
			buildActionMask = 2147483647;
			files = (
			);
			inputPaths = (
				"${PODS_PODFILE_DIR_PATH}/Podfile.lock",
				"${PODS_ROOT}/Manifest.lock",
			);
			name = "[CP] Check Pods Manifest.lock";
			outputPaths = (
				"$(DERIVED_FILE_DIR)/Pods-TMDbTests-checkManifestLockResult.txt",
			);
			runOnlyForDeploymentPostprocessing = 0;
			shellPath = /bin/sh;
			shellScript = "diff \"${PODS_PODFILE_DIR_PATH}/Podfile.lock\" \"${PODS_ROOT}/Manifest.lock\" > /dev/null\nif [ $? != 0 ] ; then\n    # print error to STDERR\n    echo \"error: The sandbox is not in sync with the Podfile.lock. Run 'pod install' or update your CocoaPods installation.\" >&2\n    exit 1\nfi\n# This output is used by Xcode 'outputs' to avoid re-running this script phase.\necho \"SUCCESS\" > \"${SCRIPT_OUTPUT_FILE_0}\"\n";
			showEnvVarsInLog = 0;
		};
		617728E4DAE507B2E1DBF7C1 /* [CP] Embed Pods Frameworks */ = {
			isa = PBXShellScriptBuildPhase;
			buildActionMask = 2147483647;
			files = (
			);
			inputPaths = (
			);
			name = "[CP] Embed Pods Frameworks";
			outputPaths = (
			);
			runOnlyForDeploymentPostprocessing = 0;
			shellPath = /bin/sh;
			shellScript = "\"${SRCROOT}/Pods/Target Support Files/Pods-TMDb/Pods-TMDb-frameworks.sh\"\n";
			showEnvVarsInLog = 0;
		};
		6B54D61C17D075C0B728E86B /* [CP] Check Pods Manifest.lock */ = {
			isa = PBXShellScriptBuildPhase;
			buildActionMask = 2147483647;
			files = (
			);
			inputPaths = (
				"${PODS_PODFILE_DIR_PATH}/Podfile.lock",
				"${PODS_ROOT}/Manifest.lock",
			);
			name = "[CP] Check Pods Manifest.lock";
			outputPaths = (
				"$(DERIVED_FILE_DIR)/Pods-TMDbKitTests-checkManifestLockResult.txt",
			);
			runOnlyForDeploymentPostprocessing = 0;
			shellPath = /bin/sh;
			shellScript = "diff \"${PODS_PODFILE_DIR_PATH}/Podfile.lock\" \"${PODS_ROOT}/Manifest.lock\" > /dev/null\nif [ $? != 0 ] ; then\n    # print error to STDERR\n    echo \"error: The sandbox is not in sync with the Podfile.lock. Run 'pod install' or update your CocoaPods installation.\" >&2\n    exit 1\nfi\n# This output is used by Xcode 'outputs' to avoid re-running this script phase.\necho \"SUCCESS\" > \"${SCRIPT_OUTPUT_FILE_0}\"\n";
			showEnvVarsInLog = 0;
		};
		CB74675397EDE4B92B638DB8 /* [CP] Copy Pods Resources */ = {
			isa = PBXShellScriptBuildPhase;
			buildActionMask = 2147483647;
			files = (
			);
			inputPaths = (
			);
			name = "[CP] Copy Pods Resources";
			outputPaths = (
			);
			runOnlyForDeploymentPostprocessing = 0;
			shellPath = /bin/sh;
			shellScript = "\"${SRCROOT}/Pods/Target Support Files/Pods-TMDbTests/Pods-TMDbTests-resources.sh\"\n";
			showEnvVarsInLog = 0;
		};
		D6EB388CD3A3D8A1E9AF84B5 /* [CP] Copy Pods Resources */ = {
			isa = PBXShellScriptBuildPhase;
			buildActionMask = 2147483647;
			files = (
			);
			inputPaths = (
			);
			name = "[CP] Copy Pods Resources";
			outputPaths = (
			);
			runOnlyForDeploymentPostprocessing = 0;
			shellPath = /bin/sh;
			shellScript = "\"${SRCROOT}/Pods/Target Support Files/Pods-TMDbKitTests/Pods-TMDbKitTests-resources.sh\"\n";
			showEnvVarsInLog = 0;
		};
		FC2253E45ACD4BEF6A274FDC /* [CP] Check Pods Manifest.lock */ = {
			isa = PBXShellScriptBuildPhase;
			buildActionMask = 2147483647;
			files = (
			);
			inputPaths = (
				"${PODS_PODFILE_DIR_PATH}/Podfile.lock",
				"${PODS_ROOT}/Manifest.lock",
			);
			name = "[CP] Check Pods Manifest.lock";
			outputPaths = (
				"$(DERIVED_FILE_DIR)/Pods-TMDb-checkManifestLockResult.txt",
			);
			runOnlyForDeploymentPostprocessing = 0;
			shellPath = /bin/sh;
			shellScript = "diff \"${PODS_PODFILE_DIR_PATH}/Podfile.lock\" \"${PODS_ROOT}/Manifest.lock\" > /dev/null\nif [ $? != 0 ] ; then\n    # print error to STDERR\n    echo \"error: The sandbox is not in sync with the Podfile.lock. Run 'pod install' or update your CocoaPods installation.\" >&2\n    exit 1\nfi\n# This output is used by Xcode 'outputs' to avoid re-running this script phase.\necho \"SUCCESS\" > \"${SCRIPT_OUTPUT_FILE_0}\"\n";
			showEnvVarsInLog = 0;
		};
/* End PBXShellScriptBuildPhase section */

/* Begin PBXSourcesBuildPhase section */
		031F67F120447497005A339E /* Sources */ = {
			isa = PBXSourcesBuildPhase;
			buildActionMask = 2147483647;
			files = (
				03AD2ECB2045A9C00060DABF /* SearchViewController.swift in Sources */,
				03AD2EC92045A9C00060DABF /* SearchDataSource.swift in Sources */,
				03AD2EC02045951B0060DABF /* Extensions.swift in Sources */,
				031F67F920447497005A339E /* AppDelegate.swift in Sources */,
				03AD2ECA2045A9C00060DABF /* SearchTableDisplaySupport.swift in Sources */,
			);
			runOnlyForDeploymentPostprocessing = 0;
		};
		031F680520447497005A339E /* Sources */ = {
			isa = PBXSourcesBuildPhase;
			buildActionMask = 2147483647;
			files = (
				031F680E20447497005A339E /* TMDbTests.swift in Sources */,
			);
			runOnlyForDeploymentPostprocessing = 0;
		};
		03864828204476060019B24A /* Sources */ = {
			isa = PBXSourcesBuildPhase;
			buildActionMask = 2147483647;
			files = (
				03DA271C20449D820067350D /* Movie.swift in Sources */,
				03DA270F20449AAF0067350D /* ImageParser.swift in Sources */,
				03DA271020449AAF0067350D /* JSONParser.swift in Sources */,
				03DA271820449B6B0067350D /* Page.swift in Sources */,
				03CB67B420448AD400BAF40F /* Result.swift in Sources */,
				03CB67B820448BD100BAF40F /* ClientError.swift in Sources */,
				03DA271E2044A4610067350D /* Client.swift in Sources */,
				03CB67AA204479D800BAF40F /* Resource.swift in Sources */,
			);
			runOnlyForDeploymentPostprocessing = 0;
		};
		03864831204476060019B24A /* Sources */ = {
			isa = PBXSourcesBuildPhase;
			buildActionMask = 2147483647;
			files = (
				03DA27232044A87D0067350D /* URLSessionMock.swift in Sources */,
				03DA271520449AD90067350D /* JSONParserTests.swift in Sources */,
				03DA271420449AD90067350D /* ImageParserTests.swift in Sources */,
				03DA27202044A47D0067350D /* ClientTests.swift in Sources */,
				0386483D204476060019B24A /* ResourceTests.swift in Sources */,
				03DA27252044A8D80067350D /* URLSessionDataTaskMock.swift in Sources */,
			);
			runOnlyForDeploymentPostprocessing = 0;
		};
/* End PBXSourcesBuildPhase section */

/* Begin PBXTargetDependency section */
		031F680B20447497005A339E /* PBXTargetDependency */ = {
			isa = PBXTargetDependency;
			target = 031F67F420447497005A339E /* TMDb */;
			targetProxy = 031F680A20447497005A339E /* PBXContainerItemProxy */;
		};
		03864838204476060019B24A /* PBXTargetDependency */ = {
			isa = PBXTargetDependency;
			target = 0386482C204476060019B24A /* TMDbKit */;
			targetProxy = 03864837204476060019B24A /* PBXContainerItemProxy */;
		};
		0386483A204476060019B24A /* PBXTargetDependency */ = {
			isa = PBXTargetDependency;
			target = 031F67F420447497005A339E /* TMDb */;
			targetProxy = 03864839204476060019B24A /* PBXContainerItemProxy */;
		};
		03864841204476060019B24A /* PBXTargetDependency */ = {
			isa = PBXTargetDependency;
			target = 0386482C204476060019B24A /* TMDbKit */;
			targetProxy = 03864840204476060019B24A /* PBXContainerItemProxy */;
		};
/* End PBXTargetDependency section */

/* Begin PBXVariantGroup section */
		031F67FC20447497005A339E /* Main.storyboard */ = {
			isa = PBXVariantGroup;
			children = (
				031F67FD20447497005A339E /* Base */,
			);
			name = Main.storyboard;
			sourceTree = "<group>";
		};
		031F680120447497005A339E /* LaunchScreen.storyboard */ = {
			isa = PBXVariantGroup;
			children = (
				031F680220447497005A339E /* Base */,
			);
			name = LaunchScreen.storyboard;
			sourceTree = "<group>";
		};
/* End PBXVariantGroup section */

/* Begin XCBuildConfiguration section */
		031F681020447497005A339E /* Debug */ = {
			isa = XCBuildConfiguration;
			buildSettings = {
				ALWAYS_SEARCH_USER_PATHS = NO;
				CLANG_ANALYZER_NONNULL = YES;
				CLANG_ANALYZER_NUMBER_OBJECT_CONVERSION = YES_AGGRESSIVE;
				CLANG_CXX_LANGUAGE_STANDARD = "gnu++14";
				CLANG_CXX_LIBRARY = "libc++";
				CLANG_ENABLE_MODULES = YES;
				CLANG_ENABLE_OBJC_ARC = YES;
				CLANG_WARN_BLOCK_CAPTURE_AUTORELEASING = YES;
				CLANG_WARN_BOOL_CONVERSION = YES;
				CLANG_WARN_COMMA = YES;
				CLANG_WARN_CONSTANT_CONVERSION = YES;
				CLANG_WARN_DIRECT_OBJC_ISA_USAGE = YES_ERROR;
				CLANG_WARN_DOCUMENTATION_COMMENTS = YES;
				CLANG_WARN_EMPTY_BODY = YES;
				CLANG_WARN_ENUM_CONVERSION = YES;
				CLANG_WARN_INFINITE_RECURSION = YES;
				CLANG_WARN_INT_CONVERSION = YES;
				CLANG_WARN_NON_LITERAL_NULL_CONVERSION = YES;
				CLANG_WARN_OBJC_LITERAL_CONVERSION = YES;
				CLANG_WARN_OBJC_ROOT_CLASS = YES_ERROR;
				CLANG_WARN_RANGE_LOOP_ANALYSIS = YES;
				CLANG_WARN_STRICT_PROTOTYPES = YES;
				CLANG_WARN_SUSPICIOUS_MOVE = YES;
				CLANG_WARN_UNGUARDED_AVAILABILITY = YES_AGGRESSIVE;
				CLANG_WARN_UNREACHABLE_CODE = YES;
				CLANG_WARN__DUPLICATE_METHOD_MATCH = YES;
				CODE_SIGN_IDENTITY = "iPhone Developer";
				COPY_PHASE_STRIP = NO;
				DEBUG_INFORMATION_FORMAT = dwarf;
				ENABLE_STRICT_OBJC_MSGSEND = YES;
				ENABLE_TESTABILITY = YES;
				GCC_C_LANGUAGE_STANDARD = gnu11;
				GCC_DYNAMIC_NO_PIC = NO;
				GCC_NO_COMMON_BLOCKS = YES;
				GCC_OPTIMIZATION_LEVEL = 0;
				GCC_PREPROCESSOR_DEFINITIONS = (
					"DEBUG=1",
					"$(inherited)",
				);
				GCC_WARN_64_TO_32_BIT_CONVERSION = YES;
				GCC_WARN_ABOUT_RETURN_TYPE = YES_ERROR;
				GCC_WARN_UNDECLARED_SELECTOR = YES;
				GCC_WARN_UNINITIALIZED_AUTOS = YES_AGGRESSIVE;
				GCC_WARN_UNUSED_FUNCTION = YES;
				GCC_WARN_UNUSED_VARIABLE = YES;
				IPHONEOS_DEPLOYMENT_TARGET = 9.0;
				MTL_ENABLE_DEBUG_INFO = YES;
				ONLY_ACTIVE_ARCH = YES;
				SDKROOT = iphoneos;
				SWIFT_ACTIVE_COMPILATION_CONDITIONS = DEBUG;
				SWIFT_OPTIMIZATION_LEVEL = "-Onone";
			};
			name = Debug;
		};
		031F681120447497005A339E /* Release */ = {
			isa = XCBuildConfiguration;
			buildSettings = {
				ALWAYS_SEARCH_USER_PATHS = NO;
				CLANG_ANALYZER_NONNULL = YES;
				CLANG_ANALYZER_NUMBER_OBJECT_CONVERSION = YES_AGGRESSIVE;
				CLANG_CXX_LANGUAGE_STANDARD = "gnu++14";
				CLANG_CXX_LIBRARY = "libc++";
				CLANG_ENABLE_MODULES = YES;
				CLANG_ENABLE_OBJC_ARC = YES;
				CLANG_WARN_BLOCK_CAPTURE_AUTORELEASING = YES;
				CLANG_WARN_BOOL_CONVERSION = YES;
				CLANG_WARN_COMMA = YES;
				CLANG_WARN_CONSTANT_CONVERSION = YES;
				CLANG_WARN_DIRECT_OBJC_ISA_USAGE = YES_ERROR;
				CLANG_WARN_DOCUMENTATION_COMMENTS = YES;
				CLANG_WARN_EMPTY_BODY = YES;
				CLANG_WARN_ENUM_CONVERSION = YES;
				CLANG_WARN_INFINITE_RECURSION = YES;
				CLANG_WARN_INT_CONVERSION = YES;
				CLANG_WARN_NON_LITERAL_NULL_CONVERSION = YES;
				CLANG_WARN_OBJC_LITERAL_CONVERSION = YES;
				CLANG_WARN_OBJC_ROOT_CLASS = YES_ERROR;
				CLANG_WARN_RANGE_LOOP_ANALYSIS = YES;
				CLANG_WARN_STRICT_PROTOTYPES = YES;
				CLANG_WARN_SUSPICIOUS_MOVE = YES;
				CLANG_WARN_UNGUARDED_AVAILABILITY = YES_AGGRESSIVE;
				CLANG_WARN_UNREACHABLE_CODE = YES;
				CLANG_WARN__DUPLICATE_METHOD_MATCH = YES;
				CODE_SIGN_IDENTITY = "iPhone Developer";
				COPY_PHASE_STRIP = NO;
				DEBUG_INFORMATION_FORMAT = "dwarf-with-dsym";
				ENABLE_NS_ASSERTIONS = NO;
				ENABLE_STRICT_OBJC_MSGSEND = YES;
				GCC_C_LANGUAGE_STANDARD = gnu11;
				GCC_NO_COMMON_BLOCKS = YES;
				GCC_WARN_64_TO_32_BIT_CONVERSION = YES;
				GCC_WARN_ABOUT_RETURN_TYPE = YES_ERROR;
				GCC_WARN_UNDECLARED_SELECTOR = YES;
				GCC_WARN_UNINITIALIZED_AUTOS = YES_AGGRESSIVE;
				GCC_WARN_UNUSED_FUNCTION = YES;
				GCC_WARN_UNUSED_VARIABLE = YES;
				IPHONEOS_DEPLOYMENT_TARGET = 9.0;
				MTL_ENABLE_DEBUG_INFO = NO;
				SDKROOT = iphoneos;
				SWIFT_OPTIMIZATION_LEVEL = "-Owholemodule";
				VALIDATE_PRODUCT = YES;
			};
			name = Release;
		};
		031F681320447497005A339E /* Debug */ = {
			isa = XCBuildConfiguration;
			baseConfigurationReference = CE30BD4B9223772496C9A95B /* Pods-TMDb.debug.xcconfig */;
			buildSettings = {
				ALWAYS_EMBED_SWIFT_STANDARD_LIBRARIES = YES;
				ASSETCATALOG_COMPILER_APPICON_NAME = AppIcon;
				CODE_SIGN_STYLE = Automatic;
				DEVELOPMENT_TEAM = 44GL67YD3Z;
				INFOPLIST_FILE = TMDb/Info.plist;
				LD_RUNPATH_SEARCH_PATHS = "$(inherited) @executable_path/Frameworks";
				PRODUCT_BUNDLE_IDENTIFIER = com.claushoefele.TMDb;
				PRODUCT_NAME = "$(TARGET_NAME)";
				SWIFT_VERSION = 4.0;
				TARGETED_DEVICE_FAMILY = "1,2";
			};
			name = Debug;
		};
		031F681420447497005A339E /* Release */ = {
			isa = XCBuildConfiguration;
			baseConfigurationReference = 916E6C6CF185476BA8F40956 /* Pods-TMDb.release.xcconfig */;
			buildSettings = {
				ALWAYS_EMBED_SWIFT_STANDARD_LIBRARIES = YES;
				ASSETCATALOG_COMPILER_APPICON_NAME = AppIcon;
				CODE_SIGN_STYLE = Automatic;
				DEVELOPMENT_TEAM = 44GL67YD3Z;
				INFOPLIST_FILE = TMDb/Info.plist;
				LD_RUNPATH_SEARCH_PATHS = "$(inherited) @executable_path/Frameworks";
				PRODUCT_BUNDLE_IDENTIFIER = com.claushoefele.TMDb;
				PRODUCT_NAME = "$(TARGET_NAME)";
				SWIFT_VERSION = 4.0;
				TARGETED_DEVICE_FAMILY = "1,2";
			};
			name = Release;
		};
		031F681620447497005A339E /* Debug */ = {
			isa = XCBuildConfiguration;
			baseConfigurationReference = 1460D15CA33AC74CED7DCD86 /* Pods-TMDbTests.debug.xcconfig */;
			buildSettings = {
				ALWAYS_EMBED_SWIFT_STANDARD_LIBRARIES = YES;
				BUNDLE_LOADER = "$(TEST_HOST)";
				CODE_SIGN_STYLE = Automatic;
				DEVELOPMENT_TEAM = 44GL67YD3Z;
				INFOPLIST_FILE = TMDbTests/Info.plist;
				LD_RUNPATH_SEARCH_PATHS = "$(inherited) @executable_path/Frameworks @loader_path/Frameworks";
				PRODUCT_BUNDLE_IDENTIFIER = com.claushoefele.TMDbTests;
				PRODUCT_NAME = "$(TARGET_NAME)";
				SWIFT_VERSION = 4.0;
				TARGETED_DEVICE_FAMILY = "1,2";
				TEST_HOST = "$(BUILT_PRODUCTS_DIR)/TMDb.app/TMDb";
			};
			name = Debug;
		};
		031F681720447497005A339E /* Release */ = {
			isa = XCBuildConfiguration;
			baseConfigurationReference = 15D2D29462A3FC9EDD4843DD /* Pods-TMDbTests.release.xcconfig */;
			buildSettings = {
				ALWAYS_EMBED_SWIFT_STANDARD_LIBRARIES = YES;
				BUNDLE_LOADER = "$(TEST_HOST)";
				CODE_SIGN_STYLE = Automatic;
				DEVELOPMENT_TEAM = 44GL67YD3Z;
				INFOPLIST_FILE = TMDbTests/Info.plist;
				LD_RUNPATH_SEARCH_PATHS = "$(inherited) @executable_path/Frameworks @loader_path/Frameworks";
				PRODUCT_BUNDLE_IDENTIFIER = com.claushoefele.TMDbTests;
				PRODUCT_NAME = "$(TARGET_NAME)";
				SWIFT_VERSION = 4.0;
				TARGETED_DEVICE_FAMILY = "1,2";
				TEST_HOST = "$(BUILT_PRODUCTS_DIR)/TMDb.app/TMDb";
			};
			name = Release;
		};
		03864844204476060019B24A /* Debug */ = {
			isa = XCBuildConfiguration;
			buildSettings = {
				CLANG_ENABLE_MODULES = YES;
				CODE_SIGN_IDENTITY = "";
				CODE_SIGN_STYLE = Automatic;
				CURRENT_PROJECT_VERSION = 1;
				DEFINES_MODULE = YES;
				DEVELOPMENT_TEAM = 44GL67YD3Z;
				DYLIB_COMPATIBILITY_VERSION = 1;
				DYLIB_CURRENT_VERSION = 1;
				DYLIB_INSTALL_NAME_BASE = "@rpath";
				INFOPLIST_FILE = TMDbKit/Info.plist;
				INSTALL_PATH = "$(LOCAL_LIBRARY_DIR)/Frameworks";
				IPHONEOS_DEPLOYMENT_TARGET = 9.0;
				LD_RUNPATH_SEARCH_PATHS = "$(inherited) @executable_path/Frameworks @loader_path/Frameworks";
				PRODUCT_BUNDLE_IDENTIFIER = com.claushoefele.TMDbKit;
				PRODUCT_NAME = "$(TARGET_NAME:c99extidentifier)";
				SKIP_INSTALL = YES;
				SWIFT_OPTIMIZATION_LEVEL = "-Onone";
				SWIFT_VERSION = 4.0;
				TARGETED_DEVICE_FAMILY = "1,2";
				VERSIONING_SYSTEM = "apple-generic";
				VERSION_INFO_PREFIX = "";
			};
			name = Debug;
		};
		03864845204476060019B24A /* Release */ = {
			isa = XCBuildConfiguration;
			buildSettings = {
				CLANG_ENABLE_MODULES = YES;
				CODE_SIGN_IDENTITY = "";
				CODE_SIGN_STYLE = Automatic;
				CURRENT_PROJECT_VERSION = 1;
				DEFINES_MODULE = YES;
				DEVELOPMENT_TEAM = 44GL67YD3Z;
				DYLIB_COMPATIBILITY_VERSION = 1;
				DYLIB_CURRENT_VERSION = 1;
				DYLIB_INSTALL_NAME_BASE = "@rpath";
				INFOPLIST_FILE = TMDbKit/Info.plist;
				INSTALL_PATH = "$(LOCAL_LIBRARY_DIR)/Frameworks";
				IPHONEOS_DEPLOYMENT_TARGET = 9.0;
				LD_RUNPATH_SEARCH_PATHS = "$(inherited) @executable_path/Frameworks @loader_path/Frameworks";
				PRODUCT_BUNDLE_IDENTIFIER = com.claushoefele.TMDbKit;
				PRODUCT_NAME = "$(TARGET_NAME:c99extidentifier)";
				SKIP_INSTALL = YES;
				SWIFT_VERSION = 4.0;
				TARGETED_DEVICE_FAMILY = "1,2";
				VERSIONING_SYSTEM = "apple-generic";
				VERSION_INFO_PREFIX = "";
			};
			name = Release;
		};
		03864846204476060019B24A /* Debug */ = {
			isa = XCBuildConfiguration;
			baseConfigurationReference = D643094CEE0290F5BDE3B435 /* Pods-TMDbKitTests.debug.xcconfig */;
			buildSettings = {
				ALWAYS_EMBED_SWIFT_STANDARD_LIBRARIES = YES;
				CODE_SIGN_STYLE = Automatic;
				DEVELOPMENT_TEAM = 44GL67YD3Z;
				INFOPLIST_FILE = TMDbKitTests/Info.plist;
				IPHONEOS_DEPLOYMENT_TARGET = 11.2;
				LD_RUNPATH_SEARCH_PATHS = "$(inherited) @executable_path/Frameworks @loader_path/Frameworks";
				PRODUCT_BUNDLE_IDENTIFIER = com.claushoefele.TMDbKitTests;
				PRODUCT_NAME = "$(TARGET_NAME)";
				SWIFT_VERSION = 4.0;
				TARGETED_DEVICE_FAMILY = "1,2";
				TEST_HOST = "$(BUILT_PRODUCTS_DIR)/TMDb.app/TMDb";
			};
			name = Debug;
		};
		03864847204476060019B24A /* Release */ = {
			isa = XCBuildConfiguration;
			baseConfigurationReference = BDDE5AAD5A348ABB5B2971E0 /* Pods-TMDbKitTests.release.xcconfig */;
			buildSettings = {
				ALWAYS_EMBED_SWIFT_STANDARD_LIBRARIES = YES;
				CODE_SIGN_STYLE = Automatic;
				DEVELOPMENT_TEAM = 44GL67YD3Z;
				INFOPLIST_FILE = TMDbKitTests/Info.plist;
				IPHONEOS_DEPLOYMENT_TARGET = 11.2;
				LD_RUNPATH_SEARCH_PATHS = "$(inherited) @executable_path/Frameworks @loader_path/Frameworks";
				PRODUCT_BUNDLE_IDENTIFIER = com.claushoefele.TMDbKitTests;
				PRODUCT_NAME = "$(TARGET_NAME)";
				SWIFT_VERSION = 4.0;
				TARGETED_DEVICE_FAMILY = "1,2";
				TEST_HOST = "$(BUILT_PRODUCTS_DIR)/TMDb.app/TMDb";
			};
			name = Release;
		};
/* End XCBuildConfiguration section */

/* Begin XCConfigurationList section */
		031F67F020447497005A339E /* Build configuration list for PBXProject "TMDb" */ = {
			isa = XCConfigurationList;
			buildConfigurations = (
				031F681020447497005A339E /* Debug */,
				031F681120447497005A339E /* Release */,
			);
			defaultConfigurationIsVisible = 0;
			defaultConfigurationName = Release;
		};
		031F681220447497005A339E /* Build configuration list for PBXNativeTarget "TMDb" */ = {
			isa = XCConfigurationList;
			buildConfigurations = (
				031F681320447497005A339E /* Debug */,
				031F681420447497005A339E /* Release */,
			);
			defaultConfigurationIsVisible = 0;
			defaultConfigurationName = Release;
		};
		031F681520447497005A339E /* Build configuration list for PBXNativeTarget "TMDbTests" */ = {
			isa = XCConfigurationList;
			buildConfigurations = (
				031F681620447497005A339E /* Debug */,
				031F681720447497005A339E /* Release */,
			);
			defaultConfigurationIsVisible = 0;
			defaultConfigurationName = Release;
		};
		03864848204476060019B24A /* Build configuration list for PBXNativeTarget "TMDbKit" */ = {
			isa = XCConfigurationList;
			buildConfigurations = (
				03864844204476060019B24A /* Debug */,
				03864845204476060019B24A /* Release */,
			);
			defaultConfigurationIsVisible = 0;
			defaultConfigurationName = Release;
		};
		0386484A204476060019B24A /* Build configuration list for PBXNativeTarget "TMDbKitTests" */ = {
			isa = XCConfigurationList;
			buildConfigurations = (
				03864846204476060019B24A /* Debug */,
				03864847204476060019B24A /* Release */,
			);
			defaultConfigurationIsVisible = 0;
			defaultConfigurationName = Release;
		};
/* End XCConfigurationList section */
	};
	rootObject = 031F67ED20447497005A339E /* Project object */;
}
